
Microsoft Visual Studio Solution File, Format Version 12.00
# Visual Studio Version 16
VisualStudioVersion = 16.0.32002.261
MinimumVisualStudioVersion = 10.0.40219.1
Project("{9A19103F-16F7-4668-BE54-9A1E7A4F7556}") = "Hafta07_01WordMaster", "Hafta07_01WordMaster\Hafta07_01WordMaster.csproj", "{712F5A7E-518A-4B58-B573-BA4A9BA4AAAC}"
EndProject
Project("{9A19103F-16F7-4668-BE54-9A1E7A4F7556}") = "DataAccessLayer", "DataAccessLayer\DataAccessLayer.csproj", "{51158F2E-BF90-46A8-93E5-EABC6FC64848}"
EndProject
Project("{9A19103F-16F7-4668-BE54-9A1E7A4F7556}") = "ConsoleApp1", "ConsoleApp1\ConsoleApp1.csproj", "{0675D922-ED02-4D36-B9CC-61A6B59A209A}"
EndProject
Project("{FAE04EC0-301F-11D3-BF4B-00C04F79EFBC}") = "WordMasterApi", "WordMasterApi\WordMasterApi.csproj", "{074EA0C8-5CD9-4E43-A225-25E178D3AD4B}"
EndProject
Project("{FAE04EC0-301F-11D3-BF4B-00C04F79EFBC}") = "testref", "testref\testref.csproj", "{8B1062E9-16AA-42F2-B78D-53B382080104}"
EndProject
Global
	GlobalSection(SolutionConfigurationPlatforms) = preSolution
		Debug|Any CPU = Debug|Any CPU
		Release|Any CPU = Release|Any CPU
	EndGlobalSection
	GlobalSection(ProjectConfigurationPlatforms) = postSolution
		{712F5A7E-518A-4B58-B573-BA4A9BA4AAAC}.Debug|Any CPU.ActiveCfg = Debug|Any CPU
		{712F5A7E-518A-4B58-B573-BA4A9BA4AAAC}.Debug|Any CPU.Build.0 = Debug|Any CPU
		{712F5A7E-518A-4B58-B573-BA4A9BA4AAAC}.Release|Any CPU.ActiveCfg = Release|Any CPU
		{712F5A7E-518A-4B58-B573-BA4A9BA4AAAC}.Release|Any CPU.Build.0 = Release|Any CPU
		{51158F2E-BF90-46A8-93E5-EABC6FC64848}.Debug|Any CPU.ActiveCfg = Debug|Any CPU
		{51158F2E-BF90-46A8-93E5-EABC6FC64848}.Debug|Any CPU.Build.0 = Debug|Any CPU
		{51158F2E-BF90-46A8-93E5-EABC6FC64848}.Release|Any CPU.ActiveCfg = Release|Any CPU
		{51158F2E-BF90-46A8-93E5-EABC6FC64848}.Release|Any CPU.Build.0 = Release|Any CPU
		{0675D922-ED02-4D36-B9CC-61A6B59A209A}.Debug|Any CPU.ActiveCfg = Debug|Any CPU
		{0675D922-ED02-4D36-B9CC-61A6B59A209A}.Debug|Any CPU.Build.0 = Debug|Any CPU
		{0675D922-ED02-4D36-B9CC-61A6B59A209A}.Release|Any CPU.ActiveCfg = Release|Any CPU
		{0675D922-ED02-4D36-B9CC-61A6B59A209A}.Release|Any CPU.Build.0 = Release|Any CPU
		{074EA0C8-5CD9-4E43-A225-25E178D3AD4B}.Debug|Any CPU.ActiveCfg = Debug|Any CPU
		{074EA0C8-5CD9-4E43-A225-25E178D3AD4B}.Debug|Any CPU.Build.0 = Debug|Any CPU
		{074EA0C8-5CD9-4E43-A225-25E178D3AD4B}.Release|Any CPU.ActiveCfg = Release|Any CPU
		{074EA0C8-5CD9-4E43-A225-25E178D3AD4B}.Release|Any CPU.Build.0 = Release|Any CPU
		{8B1062E9-16AA-42F2-B78D-53B382080104}.Debug|Any CPU.ActiveCfg = Debug|Any CPU
		{8B1062E9-16AA-42F2-B78D-53B382080104}.Debug|Any CPU.Build.0 = Debug|Any CPU
		{8B1062E9-16AA-42F2-B78D-53B382080104}.Release|Any CPU.ActiveCfg = Release|Any CPU
		{8B1062E9-16AA-42F2-B78D-53B382080104}.Release|Any CPU.Build.0 = Release|Any CPU
	EndGlobalSection
	GlobalSection(SolutionProperties) = preSolution
		HideSolutionNode = FALSE
	EndGlobalSection
	GlobalSection(ExtensibilityGlobals) = postSolution
		SolutionGuid = {A7A384D5-6B0D-4EED-9858-DC12D18B20FB}
	EndGlobalSection
EndGlobal
