
Microsoft Visual Studio Solution File, Format Version 12.00
# Visual Studio Version 16
VisualStudioVersion = 16.0.32002.261
MinimumVisualStudioVersion = 10.0.40219.1
Project("{FAE04EC0-301F-11D3-BF4B-00C04F79EFBC}") = "Hafta07_01WordMaster", "Hafta07_01WordMaster\Hafta07_01WordMaster.csproj", "{712F5A7E-518A-4B58-B573-BA4A9BA4AAAC}"
EndProject
Global
	GlobalSection(SolutionConfigurationPlatforms) = preSolution
		Debug|Any CPU = Debug|Any CPU
		Release|Any CPU = Release|Any CPU
	EndGlobalSection
	GlobalSection(ProjectConfigurationPlatforms) = postSolution
		{712F5A7E-518A-4B58-B573-BA4A9BA4AAAC}.Debug|Any CPU.ActiveCfg = Debug|Any CPU
		{712F5A7E-518A-4B58-B573-BA4A9BA4AAAC}.Debug|Any CPU.Build.0 = Debug|Any CPU
		{712F5A7E-518A-4B58-B573-BA4A9BA4AAAC}.Release|Any CPU.ActiveCfg = Release|Any CPU
		{712F5A7E-518A-4B58-B573-BA4A9BA4AAAC}.Release|Any CPU.Build.0 = Release|Any CPU
	EndGlobalSection
	GlobalSection(SolutionProperties) = preSolution
		HideSolutionNode = FALSE
	EndGlobalSection
	GlobalSection(ExtensibilityGlobals) = postSolution
		SolutionGuid = {A7A384D5-6B0D-4EED-9858-DC12D18B20FB}
	EndGlobalSection
EndGlobal
